PODS:
  - GoogleMaps (8.2.0):
    - GoogleMaps/Maps (= 8.2.0)
  - GoogleMaps/Base (8.2.0)
  - GoogleMaps/Maps (8.2.0):
    - GoogleMaps/Base
  - GooglePlaces (8.2.1)

DEPENDENCIES:
  - GoogleMaps (= 8.2.0)
  - GooglePlaces (= 8.2.1)

SPEC REPOS:
  trunk:
    - GoogleMaps
    - GooglePlaces

SPEC CHECKSUMS:
  GoogleMaps: 081f2547b60a1c0870a8f49166a653900e5055d5
  GooglePlaces: 867722fe422f5a4cc19c68bc28f9f74a24470e40

PODFILE CHECKSUM: 04149e9a6b2a129484f38db8453d5eb243ef6713

COCOAPODS: 1.13.0
